// !$*UTF8*$!
{
	archiveVersion = 1;
	classes = {
	};
	objectVersion = 46;
	objects = {

/* Begin PBXBuildFile section */
		EA29D8AF17D5D77B00839929 /* SimulatorWindow.xib in Resources */ = {isa = PBXBuildFile; fileRef = EA29D8AE17D5D77B00839929 /* SimulatorWindow.xib */; };
		EA29D8B217D5D7CF00839929 /* SRSimulatorWindowController.m in Sources */ = {isa = PBXBuildFile; fileRef = EA29D8B117D5D7CF00839929 /* SRSimulatorWindowController.m */; };
		EA29D8B517D5DD6300839929 /* SRPebbleApplication.m in Sources */ = {isa = PBXBuildFile; fileRef = EA29D8B417D5DD6300839929 /* SRPebbleApplication.m */; };
		EA3E3227171C28D800A0BD25 /* pebble_app_info.h in Headers */ = {isa = PBXBuildFile; fileRef = EA3E3222171C28D800A0BD25 /* pebble_app_info.h */; };
		EA3E3228171C28D800A0BD25 /* pebble_app.h in Headers */ = {isa = PBXBuildFile; fileRef = EA3E3223171C28D800A0BD25 /* pebble_app.h */; };
		EA3E3229171C28D800A0BD25 /* pebble_fonts.h in Headers */ = {isa = PBXBuildFile; fileRef = EA3E3224171C28D800A0BD25 /* pebble_fonts.h */; };
		EA3E322A171C28D800A0BD25 /* pebble_os.h in Headers */ = {isa = PBXBuildFile; fileRef = EA3E3225171C28D800A0BD25 /* pebble_os.h */; };
		EA3E322B171C28D800A0BD25 /* pebble_sim.h in Headers */ = {isa = PBXBuildFile; fileRef = EA3E3226171C28D800A0BD25 /* pebble_sim.h */; };
		EA3F7BCC1719D926001BD65B /* Cocoa.framework in Frameworks */ = {isa = PBXBuildFile; fileRef = EA3F7BCB1719D926001BD65B /* Cocoa.framework */; };
		EA3F7BD81719D926001BD65B /* main.m in Sources */ = {isa = PBXBuildFile; fileRef = EA3F7BD71719D926001BD65B /* main.m */; };
		EA3F7BDF1719D926001BD65B /* SRAppDelegate.m in Sources */ = {isa = PBXBuildFile; fileRef = EA3F7BDE1719D926001BD65B /* SRAppDelegate.m */; };
		EA3F7C14171ADE1D001BD65B /* SRPebbleSimView.m in Sources */ = {isa = PBXBuildFile; fileRef = EA3F7C13171ADE1D001BD65B /* SRPebbleSimView.m */; };
		EA3F7C16171AE4DF001BD65B /* CoreGraphics.framework in Frameworks */ = {isa = PBXBuildFile; fileRef = EA3F7C15171AE4DF001BD65B /* CoreGraphics.framework */; };
		EA3F7C45171C1CED001BD65B /* pebble_os.c in Sources */ = {isa = PBXBuildFile; fileRef = EA3F7BE81719D94E001BD65B /* pebble_os.c */; };
		EA3F7C47171C1CFA001BD65B /* CoreFoundation.framework in Frameworks */ = {isa = PBXBuildFile; fileRef = EA3F7C46171C1CFA001BD65B /* CoreFoundation.framework */; };
		EA3F7C48171C1D03001BD65B /* CoreGraphics.framework in Frameworks */ = {isa = PBXBuildFile; fileRef = EA3F7C15171AE4DF001BD65B /* CoreGraphics.framework */; };
		EA3F7C4B171C1D2E001BD65B /* libpebblesim.a in Frameworks */ = {isa = PBXBuildFile; fileRef = EA3F7C3E171C1C2F001BD65B /* libpebblesim.a */; };
		EA70441717BCD0F500C04FF9 /* SRPebbleButton.m in Sources */ = {isa = PBXBuildFile; fileRef = EA70441617BCD0F500C04FF9 /* SRPebbleButton.m */; };
		EA8D16E117DA2F05005F4012 /* MainMenu.xib in Resources */ = {isa = PBXBuildFile; fileRef = EA8D16E017DA2F04005F4012 /* MainMenu.xib */; };
		EAC2CF8F17D14CB600313F9D /* Preferences.xib in Resources */ = {isa = PBXBuildFile; fileRef = EAC2CF8E17D14CB600313F9D /* Preferences.xib */; };
		EAC2CF9317D1D7FD00313F9D /* Settings-Display.png in Resources */ = {isa = PBXBuildFile; fileRef = EAC2CF9017D1D7FD00313F9D /* Settings-Display.png */; };
		EAC2CF9417D1D7FD00313F9D /* Settings-About.png in Resources */ = {isa = PBXBuildFile; fileRef = EAC2CF9117D1D7FD00313F9D /* Settings-About.png */; };
		EAC2CF9517D1D7FD00313F9D /* Settings-Bluetooth.png in Resources */ = {isa = PBXBuildFile; fileRef = EAC2CF9217D1D7FD00313F9D /* Settings-Bluetooth.png */; };
		EAC2CF9717D1DA0B00313F9D /* Settings-DateTime.png in Resources */ = {isa = PBXBuildFile; fileRef = EAC2CF9617D1DA0B00313F9D /* Settings-DateTime.png */; };
/* End PBXBuildFile section */

/* Begin PBXContainerItemProxy section */
		EA3F7C49171C1D21001BD65B /* PBXContainerItemProxy */ = {
			isa = PBXContainerItemProxy;
			containerPortal = EA3F7BC01719D926001BD65B /* Project object */;
			proxyType = 1;
			remoteGlobalIDString = EA3F7C3D171C1C2F001BD65B;
			remoteInfo = libpebblesim;
		};
		EA3F7C60171C1F22001BD65B /* PBXContainerItemProxy */ = {
			isa = PBXContainerItemProxy;
			containerPortal = EA3F7C5C171C1F21001BD65B /* helloworld.xcodeproj */;
			proxyType = 2;
			remoteGlobalIDString = EA3F7C55171C1F21001BD65B;
			remoteInfo = helloworld;
		};
		EA52DF2B171C70FE0037E25A /* PBXContainerItemProxy */ = {
			isa = PBXContainerItemProxy;
			containerPortal = EA3F7C5C171C1F21001BD65B /* helloworld.xcodeproj */;
			proxyType = 1;
			remoteGlobalIDString = EA3F7C54171C1F21001BD65B;
			remoteInfo = helloworld;
		};
/* End PBXContainerItemProxy section */

/* Begin PBXFileReference section */
		EA29D8AE17D5D77B00839929 /* SimulatorWindow.xib */ = {isa = PBXFileReference; fileEncoding = 4; lastKnownFileType = file.xib; path = SimulatorWindow.xib; sourceTree = "<group>"; };
		EA29D8B017D5D7CE00839929 /* SRSimulatorWindowController.h */ = {isa = PBXFileReference; fileEncoding = 4; lastKnownFileType = sourcecode.c.h; path = SRSimulatorWindowController.h; sourceTree = "<group>"; };
		EA29D8B117D5D7CF00839929 /* SRSimulatorWindowController.m */ = {isa = PBXFileReference; fileEncoding = 4; lastKnownFileType = sourcecode.c.objc; path = SRSimulatorWindowController.m; sourceTree = "<group>"; };
		EA29D8B317D5DD6300839929 /* SRPebbleApplication.h */ = {isa = PBXFileReference; fileEncoding = 4; lastKnownFileType = sourcecode.c.h; path = SRPebbleApplication.h; sourceTree = "<group>"; };
		EA29D8B417D5DD6300839929 /* SRPebbleApplication.m */ = {isa = PBXFileReference; fileEncoding = 4; lastKnownFileType = sourcecode.c.objc; path = SRPebbleApplication.m; sourceTree = "<group>"; };
		EA3E3222171C28D800A0BD25 /* pebble_app_info.h */ = {isa = PBXFileReference; fileEncoding = 4; lastKnownFileType = sourcecode.c.h; path = pebble_app_info.h; sourceTree = "<group>"; };
		EA3E3223171C28D800A0BD25 /* pebble_app.h */ = {isa = PBXFileReference; fileEncoding = 4; lastKnownFileType = sourcecode.c.h; path = pebble_app.h; sourceTree = "<group>"; };
		EA3E3224171C28D800A0BD25 /* pebble_fonts.h */ = {isa = PBXFileReference; fileEncoding = 4; lastKnownFileType = sourcecode.c.h; path = pebble_fonts.h; sourceTree = "<group>"; };
		EA3E3225171C28D800A0BD25 /* pebble_os.h */ = {isa = PBXFileReference; fileEncoding = 4; lastKnownFileType = sourcecode.c.h; path = pebble_os.h; sourceTree = "<group>"; };
		EA3E3226171C28D800A0BD25 /* pebble_sim.h */ = {isa = PBXFileReference; fileEncoding = 4; lastKnownFileType = sourcecode.c.h; path = pebble_sim.h; sourceTree = "<group>"; };
		EA3F7BC81719D926001BD65B /* PebbleSimulator.app */ = {isa = PBXFileReference; explicitFileType = wrapper.application; includeInIndex = 0; path = PebbleSimulator.app; sourceTree = BUILT_PRODUCTS_DIR; };
		EA3F7BCB1719D926001BD65B /* Cocoa.framework */ = {isa = PBXFileReference; lastKnownFileType = wrapper.framework; name = Cocoa.framework; path = System/Library/Frameworks/Cocoa.framework; sourceTree = SDKROOT; };
		EA3F7BCE1719D926001BD65B /* AppKit.framework */ = {isa = PBXFileReference; lastKnownFileType = wrapper.framework; name = AppKit.framework; path = System/Library/Frameworks/AppKit.framework; sourceTree = SDKROOT; };
		EA3F7BCF1719D926001BD65B /* CoreData.framework */ = {isa = PBXFileReference; lastKnownFileType = wrapper.framework; name = CoreData.framework; path = System/Library/Frameworks/CoreData.framework; sourceTree = SDKROOT; };
		EA3F7BD01719D926001BD65B /* Foundation.framework */ = {isa = PBXFileReference; lastKnownFileType = wrapper.framework; name = Foundation.framework; path = System/Library/Frameworks/Foundation.framework; sourceTree = SDKROOT; };
		EA3F7BD31719D926001BD65B /* PebbleSimulator-Info.plist */ = {isa = PBXFileReference; lastKnownFileType = text.plist.xml; path = "PebbleSimulator-Info.plist"; sourceTree = "<group>"; };
		EA3F7BD71719D926001BD65B /* main.m */ = {isa = PBXFileReference; lastKnownFileType = sourcecode.c.objc; path = main.m; sourceTree = "<group>"; };
		EA3F7BD91719D926001BD65B /* PebbleSimulator-Prefix.pch */ = {isa = PBXFileReference; lastKnownFileType = sourcecode.c.h; path = "PebbleSimulator-Prefix.pch"; sourceTree = "<group>"; };
		EA3F7BDD1719D926001BD65B /* SRAppDelegate.h */ = {isa = PBXFileReference; lastKnownFileType = sourcecode.c.h; path = SRAppDelegate.h; sourceTree = "<group>"; };
		EA3F7BDE1719D926001BD65B /* SRAppDelegate.m */ = {isa = PBXFileReference; lastKnownFileType = sourcecode.c.objc; path = SRAppDelegate.m; sourceTree = "<group>"; };
		EA3F7BE81719D94E001BD65B /* pebble_os.c */ = {isa = PBXFileReference; fileEncoding = 4; lastKnownFileType = sourcecode.c.c; path = pebble_os.c; sourceTree = "<group>"; };
		EA3F7C12171ADE1D001BD65B /* SRPebbleSimView.h */ = {isa = PBXFileReference; fileEncoding = 4; lastKnownFileType = sourcecode.c.h; path = SRPebbleSimView.h; sourceTree = "<group>"; };
		EA3F7C13171ADE1D001BD65B /* SRPebbleSimView.m */ = {isa = PBXFileReference; fileEncoding = 4; lastKnownFileType = sourcecode.c.objc; path = SRPebbleSimView.m; sourceTree = "<group>"; };
		EA3F7C15171AE4DF001BD65B /* CoreGraphics.framework */ = {isa = PBXFileReference; lastKnownFileType = wrapper.framework; name = CoreGraphics.framework; path = System/Library/Frameworks/CoreGraphics.framework; sourceTree = SDKROOT; };
		EA3F7C3E171C1C2F001BD65B /* libpebblesim.a */ = {isa = PBXFileReference; explicitFileType = archive.ar; includeInIndex = 0; path = libpebblesim.a; sourceTree = BUILT_PRODUCTS_DIR; };
		EA3F7C46171C1CFA001BD65B /* CoreFoundation.framework */ = {isa = PBXFileReference; lastKnownFileType = wrapper.framework; name = CoreFoundation.framework; path = System/Library/Frameworks/CoreFoundation.framework; sourceTree = SDKROOT; };
		EA3F7C5C171C1F21001BD65B /* helloworld.xcodeproj */ = {isa = PBXFileReference; lastKnownFileType = "wrapper.pb-project"; name = helloworld.xcodeproj; path = helloworld/helloworld.xcodeproj; sourceTree = "<group>"; };
		EA70441517BCD0F500C04FF9 /* SRPebbleButton.h */ = {isa = PBXFileReference; fileEncoding = 4; lastKnownFileType = sourcecode.c.h; path = SRPebbleButton.h; sourceTree = "<group>"; };
		EA70441617BCD0F500C04FF9 /* SRPebbleButton.m */ = {isa = PBXFileReference; fileEncoding = 4; lastKnownFileType = sourcecode.c.objc; path = SRPebbleButton.m; sourceTree = "<group>"; };
		EA8D16E017DA2F04005F4012 /* MainMenu.xib */ = {isa = PBXFileReference; fileEncoding = 4; lastKnownFileType = file.xib; path = MainMenu.xib; sourceTree = "<group>"; };
		EAC2CF8E17D14CB600313F9D /* Preferences.xib */ = {isa = PBXFileReference; fileEncoding = 4; lastKnownFileType = file.xib; path = Preferences.xib; sourceTree = "<group>"; };
		EAC2CF9017D1D7FD00313F9D /* Settings-Display.png */ = {isa = PBXFileReference; lastKnownFileType = image.png; path = "Settings-Display.png"; sourceTree = "<group>"; };
		EAC2CF9117D1D7FD00313F9D /* Settings-About.png */ = {isa = PBXFileReference; lastKnownFileType = image.png; path = "Settings-About.png"; sourceTree = "<group>"; };
		EAC2CF9217D1D7FD00313F9D /* Settings-Bluetooth.png */ = {isa = PBXFileReference; lastKnownFileType = image.png; path = "Settings-Bluetooth.png"; sourceTree = "<group>"; };
		EAC2CF9617D1DA0B00313F9D /* Settings-DateTime.png */ = {isa = PBXFileReference; lastKnownFileType = image.png; path = "Settings-DateTime.png"; sourceTree = "<group>"; };
/* End PBXFileReference section */

/* Begin PBXFrameworksBuildPhase section */
		EA3F7BC51719D926001BD65B /* Frameworks */ = {
			isa = PBXFrameworksBuildPhase;
			buildActionMask = 2147483647;
			files = (
				EA3F7C4B171C1D2E001BD65B /* libpebblesim.a in Frameworks */,
				EA3F7C16171AE4DF001BD65B /* CoreGraphics.framework in Frameworks */,
				EA3F7BCC1719D926001BD65B /* Cocoa.framework in Frameworks */,
			);
			runOnlyForDeploymentPostprocessing = 0;
		};
		EA3F7C3B171C1C2F001BD65B /* Frameworks */ = {
			isa = PBXFrameworksBuildPhase;
			buildActionMask = 2147483647;
			files = (
				EA3F7C48171C1D03001BD65B /* CoreGraphics.framework in Frameworks */,
				EA3F7C47171C1CFA001BD65B /* CoreFoundation.framework in Frameworks */,
			);
			runOnlyForDeploymentPostprocessing = 0;
		};
/* End PBXFrameworksBuildPhase section */

/* Begin PBXGroup section */
		EA3F7BBF1719D926001BD65B = {
			isa = PBXGroup;
			children = (
				EA3F7C5C171C1F21001BD65B /* helloworld.xcodeproj */,
				EA3F7C42171C1C57001BD65B /* pebblesim */,
				EA3F7BD11719D926001BD65B /* PebbleSimulator */,
				EA3F7BCA1719D926001BD65B /* Frameworks */,
				EA3F7BC91719D926001BD65B /* Products */,
			);
			sourceTree = "<group>";
		};
		EA3F7BC91719D926001BD65B /* Products */ = {
			isa = PBXGroup;
			children = (
				EA3F7BC81719D926001BD65B /* PebbleSimulator.app */,
				EA3F7C3E171C1C2F001BD65B /* libpebblesim.a */,
			);
			name = Products;
			sourceTree = "<group>";
		};
		EA3F7BCA1719D926001BD65B /* Frameworks */ = {
			isa = PBXGroup;
			children = (
				EA3F7C15171AE4DF001BD65B /* CoreGraphics.framework */,
				EA3F7C46171C1CFA001BD65B /* CoreFoundation.framework */,
				EA3F7BCB1719D926001BD65B /* Cocoa.framework */,
				EA3F7BCD1719D926001BD65B /* Other Frameworks */,
			);
			name = Frameworks;
			sourceTree = "<group>";
		};
		EA3F7BCD1719D926001BD65B /* Other Frameworks */ = {
			isa = PBXGroup;
			children = (
				EA3F7BCE1719D926001BD65B /* AppKit.framework */,
				EA3F7BCF1719D926001BD65B /* CoreData.framework */,
				EA3F7BD01719D926001BD65B /* Foundation.framework */,
			);
			name = "Other Frameworks";
			sourceTree = "<group>";
		};
		EA3F7BD11719D926001BD65B /* PebbleSimulator */ = {
			isa = PBXGroup;
			children = (
				EAC2CF9817D1DB9800313F9D /* Resources */,
				EA3F7C11171A2566001BD65B /* Pebble Simulator Headers */,
				EA3F7BEF1719D97F001BD65B /* Pebble Simulator Implementations */,
				EAC2CF8D17D14C8000313F9D /* XIBs */,
				EA3F7BD21719D926001BD65B /* Supporting Files */,
			);
			path = PebbleSimulator;
			sourceTree = "<group>";
		};
		EA3F7BD21719D926001BD65B /* Supporting Files */ = {
			isa = PBXGroup;
			children = (
				EA3F7BD31719D926001BD65B /* PebbleSimulator-Info.plist */,
				EA3F7BD71719D926001BD65B /* main.m */,
				EA3F7BD91719D926001BD65B /* PebbleSimulator-Prefix.pch */,
			);
			name = "Supporting Files";
			sourceTree = "<group>";
		};
		EA3F7BEF1719D97F001BD65B /* Pebble Simulator Implementations */ = {
			isa = PBXGroup;
			children = (
				EA3F7BDE1719D926001BD65B /* SRAppDelegate.m */,
				EA29D8B417D5DD6300839929 /* SRPebbleApplication.m */,
				EA29D8B117D5D7CF00839929 /* SRSimulatorWindowController.m */,
				EA70441617BCD0F500C04FF9 /* SRPebbleButton.m */,
				EA3F7C13171ADE1D001BD65B /* SRPebbleSimView.m */,
			);
			name = "Pebble Simulator Implementations";
			sourceTree = "<group>";
		};
		EA3F7C11171A2566001BD65B /* Pebble Simulator Headers */ = {
			isa = PBXGroup;
			children = (
				EA3F7BDD1719D926001BD65B /* SRAppDelegate.h */,
				EA29D8B317D5DD6300839929 /* SRPebbleApplication.h */,
				EA29D8B017D5D7CE00839929 /* SRSimulatorWindowController.h */,
				EA70441517BCD0F500C04FF9 /* SRPebbleButton.h */,
				EA3F7C12171ADE1D001BD65B /* SRPebbleSimView.h */,
			);
			name = "Pebble Simulator Headers";
			sourceTree = "<group>";
		};
		EA3F7C42171C1C57001BD65B /* pebblesim */ = {
			isa = PBXGroup;
			children = (
				EA3F7C43171C1C7C001BD65B /* pebblesim Headers */,
				EA3F7C44171C1CA4001BD65B /* pebblesim Implementations */,
			);
			name = pebblesim;
			path = PebbleSimulator;
			sourceTree = "<group>";
		};
		EA3F7C43171C1C7C001BD65B /* pebblesim Headers */ = {
			isa = PBXGroup;
			children = (
				EA3E3223171C28D800A0BD25 /* pebble_app.h */,
				EA3E3222171C28D800A0BD25 /* pebble_app_info.h */,
				EA3E3224171C28D800A0BD25 /* pebble_fonts.h */,
				EA3E3225171C28D800A0BD25 /* pebble_os.h */,
				EA3E3226171C28D800A0BD25 /* pebble_sim.h */,
			);
			name = "pebblesim Headers";
			sourceTree = "<group>";
		};
		EA3F7C44171C1CA4001BD65B /* pebblesim Implementations */ = {
			isa = PBXGroup;
			children = (
				EA3F7BE81719D94E001BD65B /* pebble_os.c */,
			);
			name = "pebblesim Implementations";
			sourceTree = "<group>";
		};
		EA3F7C5D171C1F21001BD65B /* Products */ = {
			isa = PBXGroup;
			children = (
				EA3F7C61171C1F22001BD65B /* libhelloworld.dylib */,
			);
			name = Products;
			sourceTree = "<group>";
		};
		EAC2CF8D17D14C8000313F9D /* XIBs */ = {
			isa = PBXGroup;
			children = (
				EA8D16E017DA2F04005F4012 /* MainMenu.xib */,
				EAC2CF8E17D14CB600313F9D /* Preferences.xib */,
				EA29D8AE17D5D77B00839929 /* SimulatorWindow.xib */,
			);
			name = XIBs;
			sourceTree = "<group>";
		};
		EAC2CF9817D1DB9800313F9D /* Resources */ = {
			isa = PBXGroup;
			children = (
				EAC2CF9617D1DA0B00313F9D /* Settings-DateTime.png */,
				EAC2CF9017D1D7FD00313F9D /* Settings-Display.png */,
				EAC2CF9117D1D7FD00313F9D /* Settings-About.png */,
				EAC2CF9217D1D7FD00313F9D /* Settings-Bluetooth.png */,
			);
			name = Resources;
			sourceTree = "<group>";
		};
/* End PBXGroup section */

/* Begin PBXHeadersBuildPhase section */
		EA3F7C3C171C1C2F001BD65B /* Headers */ = {
			isa = PBXHeadersBuildPhase;
			buildActionMask = 2147483647;
			files = (
				EA3E3227171C28D800A0BD25 /* pebble_app_info.h in Headers */,
				EA3E3228171C28D800A0BD25 /* pebble_app.h in Headers */,
				EA3E3229171C28D800A0BD25 /* pebble_fonts.h in Headers */,
				EA3E322A171C28D800A0BD25 /* pebble_os.h in Headers */,
				EA3E322B171C28D800A0BD25 /* pebble_sim.h in Headers */,
			);
			runOnlyForDeploymentPostprocessing = 0;
		};
/* End PBXHeadersBuildPhase section */

/* Begin PBXNativeTarget section */
		EA3F7BC71719D926001BD65B /* PebbleSimulator */ = {
			isa = PBXNativeTarget;
			buildConfigurationList = EA3F7BE51719D926001BD65B /* Build configuration list for PBXNativeTarget "PebbleSimulator" */;
			buildPhases = (
				EA3F7BC41719D926001BD65B /* Sources */,
				EA3F7BC51719D926001BD65B /* Frameworks */,
				EA3F7BC61719D926001BD65B /* Resources */,
			);
			buildRules = (
			);
			dependencies = (
				EA3F7C4A171C1D21001BD65B /* PBXTargetDependency */,
				EA52DF2C171C70FE0037E25A /* PBXTargetDependency */,
			);
			name = PebbleSimulator;
			productName = PebbleSimulator;
			productReference = EA3F7BC81719D926001BD65B /* PebbleSimulator.app */;
			productType = "com.apple.product-type.application";
		};
		EA3F7C3D171C1C2F001BD65B /* pebblesim */ = {
			isa = PBXNativeTarget;
			buildConfigurationList = EA3F7C41171C1C30001BD65B /* Build configuration list for PBXNativeTarget "pebblesim" */;
			buildPhases = (
				EA3F7C3A171C1C2F001BD65B /* Sources */,
				EA3F7C3B171C1C2F001BD65B /* Frameworks */,
				EA3F7C3C171C1C2F001BD65B /* Headers */,
			);
			buildRules = (
			);
			dependencies = (
			);
			name = pebblesim;
			productName = libpebblesim;
			productReference = EA3F7C3E171C1C2F001BD65B /* libpebblesim.a */;
			productType = "com.apple.product-type.library.static";
		};
/* End PBXNativeTarget section */

/* Begin PBXProject section */
		EA3F7BC01719D926001BD65B /* Project object */ = {
			isa = PBXProject;
			attributes = {
				CLASSPREFIX = SR;
				LastUpgradeCheck = 0500;
				ORGANIZATIONNAME = "Steven van Rossum";
			};
			buildConfigurationList = EA3F7BC31719D926001BD65B /* Build configuration list for PBXProject "PebbleSimulator" */;
			compatibilityVersion = "Xcode 3.2";
			developmentRegion = English;
			hasScannedForEncodings = 0;
			knownRegions = (
				en,
			);
			mainGroup = EA3F7BBF1719D926001BD65B;
			productRefGroup = EA3F7BC91719D926001BD65B /* Products */;
			projectDirPath = "";
			projectReferences = (
				{
					ProductGroup = EA3F7C5D171C1F21001BD65B /* Products */;
					ProjectRef = EA3F7C5C171C1F21001BD65B /* helloworld.xcodeproj */;
				},
			);
			projectRoot = "";
			targets = (
				EA3F7BC71719D926001BD65B /* PebbleSimulator */,
				EA3F7C3D171C1C2F001BD65B /* pebblesim */,
			);
		};
/* End PBXProject section */

/* Begin PBXReferenceProxy section */
		EA3F7C61171C1F22001BD65B /* libhelloworld.dylib */ = {
			isa = PBXReferenceProxy;
			fileType = "compiled.mach-o.dylib";
			path = libhelloworld.dylib;
			remoteRef = EA3F7C60171C1F22001BD65B /* PBXContainerItemProxy */;
			sourceTree = BUILT_PRODUCTS_DIR;
		};
/* End PBXReferenceProxy section */

/* Begin PBXResourcesBuildPhase section */
		EA3F7BC61719D926001BD65B /* Resources */ = {
			isa = PBXResourcesBuildPhase;
			buildActionMask = 2147483647;
			files = (
				EAC2CF8F17D14CB600313F9D /* Preferences.xib in Resources */,
				EAC2CF9317D1D7FD00313F9D /* Settings-Display.png in Resources */,
				EAC2CF9417D1D7FD00313F9D /* Settings-About.png in Resources */,
				EAC2CF9517D1D7FD00313F9D /* Settings-Bluetooth.png in Resources */,
				EAC2CF9717D1DA0B00313F9D /* Settings-DateTime.png in Resources */,
				EA29D8AF17D5D77B00839929 /* SimulatorWindow.xib in Resources */,
				EA8D16E117DA2F05005F4012 /* MainMenu.xib in Resources */,
			);
			runOnlyForDeploymentPostprocessing = 0;
		};
/* End PBXResourcesBuildPhase section */

/* Begin PBXSourcesBuildPhase section */
		EA3F7BC41719D926001BD65B /* Sources */ = {
			isa = PBXSourcesBuildPhase;
			buildActionMask = 2147483647;
			files = (
				EA3F7BD81719D926001BD65B /* main.m in Sources */,
				EA3F7BDF1719D926001BD65B /* SRAppDelegate.m in Sources */,
				EA3F7C14171ADE1D001BD65B /* SRPebbleSimView.m in Sources */,
				EA70441717BCD0F500C04FF9 /* SRPebbleButton.m in Sources */,
				EA29D8B217D5D7CF00839929 /* SRSimulatorWindowController.m in Sources */,
				EA29D8B517D5DD6300839929 /* SRPebbleApplication.m in Sources */,
			);
			runOnlyForDeploymentPostprocessing = 0;
		};
		EA3F7C3A171C1C2F001BD65B /* Sources */ = {
			isa = PBXSourcesBuildPhase;
			buildActionMask = 2147483647;
			files = (
				EA3F7C45171C1CED001BD65B /* pebble_os.c in Sources */,
			);
			runOnlyForDeploymentPostprocessing = 0;
		};
/* End PBXSourcesBuildPhase section */

/* Begin PBXTargetDependency section */
		EA3F7C4A171C1D21001BD65B /* PBXTargetDependency */ = {
			isa = PBXTargetDependency;
			target = EA3F7C3D171C1C2F001BD65B /* pebblesim */;
			targetProxy = EA3F7C49171C1D21001BD65B /* PBXContainerItemProxy */;
		};
		EA52DF2C171C70FE0037E25A /* PBXTargetDependency */ = {
			isa = PBXTargetDependency;
			name = helloworld;
			targetProxy = EA52DF2B171C70FE0037E25A /* PBXContainerItemProxy */;
		};
/* End PBXTargetDependency section */

/* Begin XCBuildConfiguration section */
		EA3F7BE31719D926001BD65B /* Debug */ = {
			isa = XCBuildConfiguration;
			buildSettings = {
				ALWAYS_SEARCH_USER_PATHS = NO;
				ARCHS = "$(ARCHS_STANDARD_32_BIT)";
				CLANG_CXX_LANGUAGE_STANDARD = "gnu++0x";
				CLANG_CXX_LIBRARY = "libc++";
				CLANG_WARN_CONSTANT_CONVERSION = YES;
				CLANG_WARN_EMPTY_BODY = YES;
				CLANG_WARN_ENUM_CONVERSION = YES;
				CLANG_WARN_INT_CONVERSION = YES;
				CLANG_WARN__DUPLICATE_METHOD_MATCH = YES;
				COPY_PHASE_STRIP = NO;
				GCC_C_LANGUAGE_STANDARD = gnu99;
				GCC_DYNAMIC_NO_PIC = NO;
				GCC_ENABLE_OBJC_EXCEPTIONS = YES;
				GCC_OPTIMIZATION_LEVEL = 0;
				GCC_PREPROCESSOR_DEFINITIONS = (
					"DEBUG=1",
					"$(inherited)",
				);
				GCC_SYMBOLS_PRIVATE_EXTERN = NO;
				GCC_WARN_64_TO_32_BIT_CONVERSION = YES;
				GCC_WARN_ABOUT_RETURN_TYPE = YES;
				GCC_WARN_UNINITIALIZED_AUTOS = YES;
				GCC_WARN_UNUSED_VARIABLE = YES;
				MACOSX_DEPLOYMENT_TARGET = 10.8;
				ONLY_ACTIVE_ARCH = YES;
				SDKROOT = macosx;
			};
			name = Debug;
		};
		EA3F7BE41719D926001BD65B /* Release */ = {
			isa = XCBuildConfiguration;
			buildSettings = {
				ALWAYS_SEARCH_USER_PATHS = NO;
				ARCHS = "$(ARCHS_STANDARD_32_BIT)";
				CLANG_CXX_LANGUAGE_STANDARD = "gnu++0x";
				CLANG_CXX_LIBRARY = "libc++";
				CLANG_WARN_CONSTANT_CONVERSION = YES;
				CLANG_WARN_EMPTY_BODY = YES;
				CLANG_WARN_ENUM_CONVERSION = YES;
				CLANG_WARN_INT_CONVERSION = YES;
				CLANG_WARN__DUPLICATE_METHOD_MATCH = YES;
				COPY_PHASE_STRIP = YES;
				DEBUG_INFORMATION_FORMAT = "dwarf-with-dsym";
				GCC_C_LANGUAGE_STANDARD = gnu99;
				GCC_ENABLE_OBJC_EXCEPTIONS = YES;
				GCC_WARN_64_TO_32_BIT_CONVERSION = YES;
				GCC_WARN_ABOUT_RETURN_TYPE = YES;
				GCC_WARN_UNINITIALIZED_AUTOS = YES;
				GCC_WARN_UNUSED_VARIABLE = YES;
				MACOSX_DEPLOYMENT_TARGET = 10.8;
				SDKROOT = macosx;
			};
			name = Release;
		};
		EA3F7BE61719D926001BD65B /* Debug */ = {
			isa = XCBuildConfiguration;
			buildSettings = {
				COMBINE_HIDPI_IMAGES = YES;
				GCC_PRECOMPILE_PREFIX_HEADER = YES;
				GCC_PREFIX_HEADER = "PebbleSimulator/PebbleSimulator-Prefix.pch";
				INFOPLIST_FILE = "PebbleSimulator/PebbleSimulator-Info.plist";
				PRODUCT_NAME = "$(TARGET_NAME)";
				WRAPPER_EXTENSION = app;
			};
			name = Debug;
		};
		EA3F7BE71719D926001BD65B /* Release */ = {
			isa = XCBuildConfiguration;
			buildSettings = {
				COMBINE_HIDPI_IMAGES = YES;
				GCC_PRECOMPILE_PREFIX_HEADER = YES;
				GCC_PREFIX_HEADER = "PebbleSimulator/PebbleSimulator-Prefix.pch";
				INFOPLIST_FILE = "PebbleSimulator/PebbleSimulator-Info.plist";
				PRODUCT_NAME = "$(TARGET_NAME)";
				WRAPPER_EXTENSION = app;
			};
			name = Release;
		};
		EA3F7C3F171C1C30001BD65B /* Debug */ = {
			isa = XCBuildConfiguration;
			buildSettings = {
				EXECUTABLE_PREFIX = lib;
				PRODUCT_NAME = "$(TARGET_NAME)";
				VALID_ARCHS = i386;
			};
			name = Debug;
		};
		EA3F7C40171C1C30001BD65B /* Release */ = {
			isa = XCBuildConfiguration;
			buildSettings = {
				EXECUTABLE_PREFIX = lib;
				PRODUCT_NAME = "$(TARGET_NAME)";
				VALID_ARCHS = i386;
			};
			name = Release;
		};
/* End XCBuildConfiguration section */

/* Begin XCConfigurationList section */
		EA3F7BC31719D926001BD65B /* Build configuration list for PBXProject "PebbleSimulator" */ = {
			isa = XCConfigurationList;
			buildConfigurations = (
				EA3F7BE31719D926001BD65B /* Debug */,
				EA3F7BE41719D926001BD65B /* Release */,
			);
			defaultConfigurationIsVisible = 0;
			defaultConfigurationName = Release;
		};
		EA3F7BE51719D926001BD65B /* Build configuration list for PBXNativeTarget "PebbleSimulator" */ = {
			isa = XCConfigurationList;
			buildConfigurations = (
				EA3F7BE61719D926001BD65B /* Debug */,
				EA3F7BE71719D926001BD65B /* Release */,
			);
			defaultConfigurationIsVisible = 0;
			defaultConfigurationName = Release;
		};
		EA3F7C41171C1C30001BD65B /* Build configuration list for PBXNativeTarget "pebblesim" */ = {
			isa = XCConfigurationList;
			buildConfigurations = (
				EA3F7C3F171C1C30001BD65B /* Debug */,
				EA3F7C40171C1C30001BD65B /* Release */,
			);
			defaultConfigurationIsVisible = 0;
			defaultConfigurationName = Release;
		};
/* End XCConfigurationList section */
	};
	rootObject = EA3F7BC01719D926001BD65B /* Project object */;
}
